
Microsoft Visual Studio Solution File, Format Version 12.00
# Visual Studio 2012
Project("{FAE04EC0-301F-11D3-BF4B-00C04F79EFBC}") = "TripLog", "TripLog\TripLog.csproj", "{4542094A-2081-450C-8ACC-5D2872AD7173}"
EndProject
Project("{FAE04EC0-301F-11D3-BF4B-00C04F79EFBC}") = "TripLog.iOS", "iOS\TripLog.iOS.csproj", "{B95D5655-0C0C-45AE-A1CE-EF0C18736E17}"
EndProject
Project("{FAE04EC0-301F-11D3-BF4B-00C04F79EFBC}") = "TripLog.Droid", "Droid\TripLog.Droid.csproj", "{49497406-E59A-4C2A-A896-131B829FAED7}"
EndProject
Global
	GlobalSection(SolutionConfigurationPlatforms) = preSolution
		Debug|Any CPU = Debug|Any CPU
		Release|Any CPU = Release|Any CPU
		Debug|iPhoneSimulator = Debug|iPhoneSimulator
		Release|iPhone = Release|iPhone
		Release|iPhoneSimulator = Release|iPhoneSimulator
		Debug|iPhone = Debug|iPhone
	EndGlobalSection
	GlobalSection(ProjectConfigurationPlatforms) = postSolution
		{4542094A-2081-450C-8ACC-5D2872AD7173}.Debug|Any CPU.ActiveCfg = Debug|Any CPU
		{4542094A-2081-450C-8ACC-5D2872AD7173}.Debug|Any CPU.Build.0 = Debug|Any CPU
		{4542094A-2081-450C-8ACC-5D2872AD7173}.Release|Any CPU.ActiveCfg = Release|Any CPU
		{4542094A-2081-450C-8ACC-5D2872AD7173}.Release|Any CPU.Build.0 = Release|Any CPU
		{4542094A-2081-450C-8ACC-5D2872AD7173}.Debug|iPhoneSimulator.ActiveCfg = Debug|Any CPU
		{4542094A-2081-450C-8ACC-5D2872AD7173}.Debug|iPhoneSimulator.Build.0 = Debug|Any CPU
		{4542094A-2081-450C-8ACC-5D2872AD7173}.Release|iPhone.ActiveCfg = Release|Any CPU
		{4542094A-2081-450C-8ACC-5D2872AD7173}.Release|iPhone.Build.0 = Release|Any CPU
		{4542094A-2081-450C-8ACC-5D2872AD7173}.Release|iPhoneSimulator.ActiveCfg = Release|Any CPU
		{4542094A-2081-450C-8ACC-5D2872AD7173}.Release|iPhoneSimulator.Build.0 = Release|Any CPU
		{4542094A-2081-450C-8ACC-5D2872AD7173}.Debug|iPhone.ActiveCfg = Debug|Any CPU
		{4542094A-2081-450C-8ACC-5D2872AD7173}.Debug|iPhone.Build.0 = Debug|Any CPU
		{B95D5655-0C0C-45AE-A1CE-EF0C18736E17}.Debug|Any CPU.ActiveCfg = Debug|iPhoneSimulator
		{B95D5655-0C0C-45AE-A1CE-EF0C18736E17}.Debug|Any CPU.Build.0 = Debug|iPhoneSimulator
		{B95D5655-0C0C-45AE-A1CE-EF0C18736E17}.Release|Any CPU.ActiveCfg = Release|iPhone
		{B95D5655-0C0C-45AE-A1CE-EF0C18736E17}.Release|Any CPU.Build.0 = Release|iPhone
		{B95D5655-0C0C-45AE-A1CE-EF0C18736E17}.Debug|iPhoneSimulator.ActiveCfg = Debug|iPhoneSimulator
		{B95D5655-0C0C-45AE-A1CE-EF0C18736E17}.Debug|iPhoneSimulator.Build.0 = Debug|iPhoneSimulator
		{B95D5655-0C0C-45AE-A1CE-EF0C18736E17}.Release|iPhone.ActiveCfg = Release|iPhone
		{B95D5655-0C0C-45AE-A1CE-EF0C18736E17}.Release|iPhone.Build.0 = Release|iPhone
		{B95D5655-0C0C-45AE-A1CE-EF0C18736E17}.Release|iPhoneSimulator.ActiveCfg = Release|iPhoneSimulator
		{B95D5655-0C0C-45AE-A1CE-EF0C18736E17}.Release|iPhoneSimulator.Build.0 = Release|iPhoneSimulator
		{B95D5655-0C0C-45AE-A1CE-EF0C18736E17}.Debug|iPhone.ActiveCfg = Debug|iPhone
		{B95D5655-0C0C-45AE-A1CE-EF0C18736E17}.Debug|iPhone.Build.0 = Debug|iPhone
		{49497406-E59A-4C2A-A896-131B829FAED7}.Debug|Any CPU.ActiveCfg = Debug|Any CPU
		{49497406-E59A-4C2A-A896-131B829FAED7}.Debug|Any CPU.Build.0 = Debug|Any CPU
		{49497406-E59A-4C2A-A896-131B829FAED7}.Release|Any CPU.ActiveCfg = Release|Any CPU
		{49497406-E59A-4C2A-A896-131B829FAED7}.Release|Any CPU.Build.0 = Release|Any CPU
		{49497406-E59A-4C2A-A896-131B829FAED7}.Debug|iPhoneSimulator.ActiveCfg = Debug|Any CPU
		{49497406-E59A-4C2A-A896-131B829FAED7}.Debug|iPhoneSimulator.Build.0 = Debug|Any CPU
		{49497406-E59A-4C2A-A896-131B829FAED7}.Release|iPhone.ActiveCfg = Release|Any CPU
		{49497406-E59A-4C2A-A896-131B829FAED7}.Release|iPhone.Build.0 = Release|Any CPU
		{49497406-E59A-4C2A-A896-131B829FAED7}.Release|iPhoneSimulator.ActiveCfg = Release|Any CPU
		{49497406-E59A-4C2A-A896-131B829FAED7}.Release|iPhoneSimulator.Build.0 = Release|Any CPU
		{49497406-E59A-4C2A-A896-131B829FAED7}.Debug|iPhone.ActiveCfg = Debug|Any CPU
		{49497406-E59A-4C2A-A896-131B829FAED7}.Debug|iPhone.Build.0 = Debug|Any CPU
	EndGlobalSection
EndGlobal
